{
    "version": 3,
    "terraform_version": "0.11.7",
    "serial": 4,
    "lineage": "329f0cfb-a3e7-a635-0a42-3d0670d3d060",
    "modules": [
        {
            "path": [
                "root"
            ],
            "outputs": {},
            "resources": {
                "aws_default_route_table.tf_private_rt": {
                    "type": "aws_default_route_table",
                    "depends_on": [
                        "aws_vpc.tf_vpc"
                    ],
                    "primary": {
                        "id": "rtb-c38f90bb",
                        "attributes": {
                            "default_route_table_id": "rtb-c38f90bb",
                            "id": "rtb-c38f90bb",
                            "propagating_vgws.#": "0",
                            "route.#": "0",
                            "tags.%": "1",
                            "tags.Name": "tf_private",
                            "vpc_id": "vpc-eb8f8192"
                        },
                        "meta": {},
                        "tainted": false
                    },
                    "deposed": [],
                    "provider": "provider.aws"
                },
                "aws_internet_gateway.tf_internet_gateway": {
                    "type": "aws_internet_gateway",
                    "depends_on": [
                        "aws_vpc.tf_vpc"
                    ],
                    "primary": {
                        "id": "igw-7b2f671d",
                        "attributes": {
                            "id": "igw-7b2f671d",
                            "tags.%": "1",
                            "tags.Name": "tf_igw",
                            "vpc_id": "vpc-eb8f8192"
                        },
                        "meta": {},
                        "tainted": false
                    },
                    "deposed": [],
                    "provider": "provider.aws"
                },
                "aws_route_table.tf_public_rt": {
                    "type": "aws_route_table",
                    "depends_on": [
                        "aws_internet_gateway.tf_internet_gateway",
                        "aws_vpc.tf_vpc"
                    ],
                    "primary": {
                        "id": "rtb-d1908fa9",
                        "attributes": {
                            "id": "rtb-d1908fa9",
                            "propagating_vgws.#": "0",
                            "route.#": "1",
                            "route.1677014330.cidr_block": "0.0.0.0/0",
                            "route.1677014330.egress_only_gateway_id": "",
                            "route.1677014330.gateway_id": "igw-7b2f671d",
                            "route.1677014330.instance_id": "",
                            "route.1677014330.ipv6_cidr_block": "",
                            "route.1677014330.nat_gateway_id": "",
                            "route.1677014330.network_interface_id": "",
                            "route.1677014330.vpc_peering_connection_id": "",
                            "tags.%": "1",
                            "tags.Name": "tf_public",
                            "vpc_id": "vpc-eb8f8192"
                        },
                        "meta": {},
                        "tainted": false
                    },
                    "deposed": [],
                    "provider": "provider.aws"
                },
                "aws_security_group.tf_public_sg": {
                    "type": "aws_security_group",
                    "depends_on": [],
                    "primary": {
                        "id": "sg-438cf932",
                        "attributes": {
                            "arn": "arn:aws:ec2:us-west-2:650178687473:security-group/sg-438cf932",
                            "description": "Used for access to the public instances",
                            "egress.#": "1",
                            "egress.482069346.cidr_blocks.#": "1",
                            "egress.482069346.cidr_blocks.0": "0.0.0.0/0",
                            "egress.482069346.description": "",
                            "egress.482069346.from_port": "0",
                            "egress.482069346.ipv6_cidr_blocks.#": "0",
                            "egress.482069346.prefix_list_ids.#": "0",
                            "egress.482069346.protocol": "-1",
                            "egress.482069346.security_groups.#": "0",
                            "egress.482069346.self": "false",
                            "egress.482069346.to_port": "0",
                            "id": "sg-438cf932",
                            "ingress.#": "2",
                            "ingress.2214680975.cidr_blocks.#": "1",
                            "ingress.2214680975.cidr_blocks.0": "0.0.0.0/0",
                            "ingress.2214680975.description": "",
                            "ingress.2214680975.from_port": "80",
                            "ingress.2214680975.ipv6_cidr_blocks.#": "0",
                            "ingress.2214680975.protocol": "tcp",
                            "ingress.2214680975.security_groups.#": "0",
                            "ingress.2214680975.self": "false",
                            "ingress.2214680975.to_port": "80",
                            "ingress.2541437006.cidr_blocks.#": "1",
                            "ingress.2541437006.cidr_blocks.0": "0.0.0.0/0",
                            "ingress.2541437006.description": "",
                            "ingress.2541437006.from_port": "22",
                            "ingress.2541437006.ipv6_cidr_blocks.#": "0",
                            "ingress.2541437006.protocol": "tcp",
                            "ingress.2541437006.security_groups.#": "0",
                            "ingress.2541437006.self": "false",
                            "ingress.2541437006.to_port": "22",
                            "name": "tf_public_sg",
                            "owner_id": "650178687473",
                            "revoke_rules_on_delete": "false",
                            "tags.%": "0",
                            "vpc_id": "vpc-403bba25"
                        },
                        "meta": {
                            "e2bfb730-ecaa-11e6-8f88-34363bc7c4c0": {
                                "create": 600000000000,
                                "delete": 600000000000
                            },
                            "schema_version": "1"
                        },
                        "tainted": false
                    },
                    "deposed": [],
                    "provider": "provider.aws"
                },
                "aws_vpc.tf_vpc": {
                    "type": "aws_vpc",
                    "depends_on": [],
                    "primary": {
                        "id": "vpc-eb8f8192",
                        "attributes": {
                            "assign_generated_ipv6_cidr_block": "false",
                            "cidr_block": "10.123.0.0/16",
                            "default_network_acl_id": "acl-880198f0",
                            "default_route_table_id": "rtb-c38f90bb",
                            "default_security_group_id": "sg-a38df8d2",
                            "dhcp_options_id": "dopt-f07f9695",
                            "enable_classiclink": "false",
                            "enable_classiclink_dns_support": "false",
                            "enable_dns_hostnames": "true",
                            "enable_dns_support": "true",
                            "id": "vpc-eb8f8192",
                            "instance_tenancy": "default",
                            "main_route_table_id": "rtb-c38f90bb",
                            "tags.%": "1",
                            "tags.Name": "tf_vpc"
                        },
                        "meta": {
                            "schema_version": "1"
                        },
                        "tainted": false
                    },
                    "deposed": [],
                    "provider": "provider.aws"
                },
                "data.aws_availability_zones.available": {
                    "type": "aws_availability_zones",
                    "depends_on": [],
                    "primary": {
                        "id": "2018-06-08 21:59:08.732936349 +0000 UTC",
                        "attributes": {
                            "id": "2018-06-08 21:59:08.732936349 +0000 UTC",
                            "names.#": "3",
                            "names.0": "us-west-2a",
                            "names.1": "us-west-2b",
                            "names.2": "us-west-2c"
                        },
                        "meta": {},
                        "tainted": false
                    },
                    "deposed": [],
                    "provider": "provider.aws"
                }
            },
            "depends_on": []
        }
    ]
}
