{
    "version": 3,
    "terraform_version": "0.11.7",
    "serial": 2,
    "lineage": "75f8056d-aae9-2bba-ca70-9cab8b86f848",
    "modules": [
        {
            "path": [
                "root"
            ],
            "outputs": {
                "bucketname": {
                    "sensitive": false,
                    "type": "string",
                    "value": "{aws_s3_bucket.tf_code.id}"
                }
            },
            "resources": {
                "aws_s3_bucket.tf_code": {
                    "type": "aws_s3_bucket",
                    "depends_on": [
                        "random_id.tf_bucket_id"
                    ],
                    "primary": {
                        "id": "la-terraform-49596",
                        "attributes": {
                            "acceleration_status": "",
                            "acl": "private",
                            "arn": "arn:aws:s3:::la-terraform-49596",
                            "bucket": "la-terraform-49596",
                            "bucket_domain_name": "la-terraform-49596.s3.amazonaws.com",
                            "bucket_regional_domain_name": "la-terraform-49596.s3.us-west-2.amazonaws.com",
                            "force_destroy": "true",
                            "hosted_zone_id": "Z3BJ6K6RIION7M",
                            "id": "la-terraform-49596",
                            "logging.#": "0",
                            "region": "us-west-2",
                            "replication_configuration.#": "0",
                            "request_payer": "BucketOwner",
                            "server_side_encryption_configuration.#": "0",
                            "tags.%": "1",
                            "tags.Name": "tf_bucket",
                            "versioning.#": "1",
                            "versioning.0.enabled": "false",
                            "versioning.0.mfa_delete": "false",
                            "website.#": "0"
                        },
                        "meta": {},
                        "tainted": false
                    },
                    "deposed": [],
                    "provider": "provider.aws"
                },
                "random_id.tf_bucket_id": {
                    "type": "random_id",
                    "depends_on": [],
                    "primary": {
                        "id": "wbw",
                        "attributes": {
                            "b64": "wbw",
                            "b64_std": "wbw=",
                            "b64_url": "wbw",
                            "byte_length": "2",
                            "dec": "49596",
                            "hex": "c1bc",
                            "id": "wbw"
                        },
                        "meta": {},
                        "tainted": false
                    },
                    "deposed": [],
                    "provider": "provider.random"
                }
            },
            "depends_on": []
        }
    ]
}
